
Microsoft Visual Studio Solution File, Format Version 12.00
# Visual Studio Version 17
VisualStudioVersion = 17.10.35013.160
MinimumVisualStudioVersion = 10.0.40219.1
Project("{FAE04EC0-301F-11D3-BF4B-00C04F79EFBC}") = "jokesWebApp", "jokesWebApp\jokesWebApp.csproj", "{BAD56E9C-8B64-40AD-B022-4076B3D8F298}"
EndProject
Global
	GlobalSection(SolutionConfigurationPlatforms) = preSolution
		Debug|Any CPU = Debug|Any CPU
		Release|Any CPU = Release|Any CPU
	EndGlobalSection
	GlobalSection(ProjectConfigurationPlatforms) = postSolution
		{BAD56E9C-8B64-40AD-B022-4076B3D8F298}.Debug|Any CPU.ActiveCfg = Debug|Any CPU
		{BAD56E9C-8B64-40AD-B022-4076B3D8F298}.Debug|Any CPU.Build.0 = Debug|Any CPU
		{BAD56E9C-8B64-40AD-B022-4076B3D8F298}.Release|Any CPU.ActiveCfg = Release|Any CPU
		{BAD56E9C-8B64-40AD-B022-4076B3D8F298}.Release|Any CPU.Build.0 = Release|Any CPU
	EndGlobalSection
	GlobalSection(SolutionProperties) = preSolution
		HideSolutionNode = FALSE
	EndGlobalSection
	GlobalSection(ExtensibilityGlobals) = postSolution
		SolutionGuid = {437DE79E-2876-42D9-8A90-575CC3B45195}
	EndGlobalSection
EndGlobal
